
Microsoft Visual Studio Solution File, Format Version 11.00
# Visual Studio 2010
Project("{FAE04EC0-301F-11D3-BF4B-00C04F79EFBC}") = "Algorithms", "Algorithms\Algorithms.csproj", "{BD54AB56-5625-4649-B10C-3A63283B165B}"
EndProject
Project("{FAE04EC0-301F-11D3-BF4B-00C04F79EFBC}") = "Test", "Test\Test.csproj", "{BEDCAB57-3586-4CA2-B91C-CF6FC8500068}"
EndProject
Project("{2150E333-8FDC-42A3-9474-1A3956D46DE8}") = "Solution Items", "Solution Items", "{735C98BB-982A-4F68-9CA2-0C898A4EDF46}"
	ProjectSection(SolutionItems) = preProject
		Algorithms.vsmdi = Algorithms.vsmdi
		Local.testsettings = Local.testsettings
		TraceAndTestImpact.testsettings = TraceAndTestImpact.testsettings
	EndProjectSection
EndProject
Global
	GlobalSection(TestCaseManagementSettings) = postSolution
		CategoryFile = Algorithms.vsmdi
	EndGlobalSection
	GlobalSection(SolutionConfigurationPlatforms) = preSolution
		Debug|Any CPU = Debug|Any CPU
		Debug|Mixed Platforms = Debug|Mixed Platforms
		Debug|x86 = Debug|x86
		Release|Any CPU = Release|Any CPU
		Release|Mixed Platforms = Release|Mixed Platforms
		Release|x86 = Release|x86
	EndGlobalSection
	GlobalSection(ProjectConfigurationPlatforms) = postSolution
		{BD54AB56-5625-4649-B10C-3A63283B165B}.Debug|Any CPU.ActiveCfg = Debug|x86
		{BD54AB56-5625-4649-B10C-3A63283B165B}.Debug|Mixed Platforms.ActiveCfg = Debug|x86
		{BD54AB56-5625-4649-B10C-3A63283B165B}.Debug|Mixed Platforms.Build.0 = Debug|x86
		{BD54AB56-5625-4649-B10C-3A63283B165B}.Debug|x86.ActiveCfg = Debug|x86
		{BD54AB56-5625-4649-B10C-3A63283B165B}.Debug|x86.Build.0 = Debug|x86
		{BD54AB56-5625-4649-B10C-3A63283B165B}.Release|Any CPU.ActiveCfg = Release|x86
		{BD54AB56-5625-4649-B10C-3A63283B165B}.Release|Mixed Platforms.ActiveCfg = Release|x86
		{BD54AB56-5625-4649-B10C-3A63283B165B}.Release|Mixed Platforms.Build.0 = Release|x86
		{BD54AB56-5625-4649-B10C-3A63283B165B}.Release|x86.ActiveCfg = Release|x86
		{BD54AB56-5625-4649-B10C-3A63283B165B}.Release|x86.Build.0 = Release|x86
		{BEDCAB57-3586-4CA2-B91C-CF6FC8500068}.Debug|Any CPU.ActiveCfg = Debug|Any CPU
		{BEDCAB57-3586-4CA2-B91C-CF6FC8500068}.Debug|Any CPU.Build.0 = Debug|Any CPU
		{BEDCAB57-3586-4CA2-B91C-CF6FC8500068}.Debug|Mixed Platforms.ActiveCfg = Debug|Any CPU
		{BEDCAB57-3586-4CA2-B91C-CF6FC8500068}.Debug|Mixed Platforms.Build.0 = Debug|Any CPU
		{BEDCAB57-3586-4CA2-B91C-CF6FC8500068}.Debug|x86.ActiveCfg = Debug|Any CPU
		{BEDCAB57-3586-4CA2-B91C-CF6FC8500068}.Release|Any CPU.ActiveCfg = Release|Any CPU
		{BEDCAB57-3586-4CA2-B91C-CF6FC8500068}.Release|Any CPU.Build.0 = Release|Any CPU
		{BEDCAB57-3586-4CA2-B91C-CF6FC8500068}.Release|Mixed Platforms.ActiveCfg = Release|Any CPU
		{BEDCAB57-3586-4CA2-B91C-CF6FC8500068}.Release|Mixed Platforms.Build.0 = Release|Any CPU
		{BEDCAB57-3586-4CA2-B91C-CF6FC8500068}.Release|x86.ActiveCfg = Release|Any CPU
	EndGlobalSection
	GlobalSection(SolutionProperties) = preSolution
		HideSolutionNode = FALSE
	EndGlobalSection
EndGlobal
